
Microsoft Visual Studio Solution File, Format Version 12.00
# Visual Studio Version 16
VisualStudioVersion = 16.0.30711.63
MinimumVisualStudioVersion = 10.0.40219.1
Project("{FAE04EC0-301F-11D3-BF4B-00C04F79EFBC}") = "src.API", "src.API\src.API.csproj", "{01A29FE1-3856-4878-A79A-7F8EAAF3BCF3}"
EndProject
Project("{FAE04EC0-301F-11D3-BF4B-00C04F79EFBC}") = "src.Core", "src.Core\src.Core.csproj", "{D78C288D-8563-4419-A140-CB25FC8AF24C}"
EndProject
Project("{FAE04EC0-301F-11D3-BF4B-00C04F79EFBC}") = "src.Data", "src.Data\src.Data.csproj", "{5666708B-B8CA-430B-83DE-CF6B94B24157}"
EndProject
Project("{FAE04EC0-301F-11D3-BF4B-00C04F79EFBC}") = "src.Service", "src.Service\src.Service.csproj", "{437A0729-69D0-401D-BFD5-13E3AE111387}"
EndProject
Global
	GlobalSection(SolutionConfigurationPlatforms) = preSolution
		Debug|Any CPU = Debug|Any CPU
		Release|Any CPU = Release|Any CPU
	EndGlobalSection
	GlobalSection(ProjectConfigurationPlatforms) = postSolution
		{01A29FE1-3856-4878-A79A-7F8EAAF3BCF3}.Debug|Any CPU.ActiveCfg = Debug|Any CPU
		{01A29FE1-3856-4878-A79A-7F8EAAF3BCF3}.Debug|Any CPU.Build.0 = Debug|Any CPU
		{01A29FE1-3856-4878-A79A-7F8EAAF3BCF3}.Release|Any CPU.ActiveCfg = Release|Any CPU
		{01A29FE1-3856-4878-A79A-7F8EAAF3BCF3}.Release|Any CPU.Build.0 = Release|Any CPU
		{D78C288D-8563-4419-A140-CB25FC8AF24C}.Debug|Any CPU.ActiveCfg = Debug|Any CPU
		{D78C288D-8563-4419-A140-CB25FC8AF24C}.Debug|Any CPU.Build.0 = Debug|Any CPU
		{D78C288D-8563-4419-A140-CB25FC8AF24C}.Release|Any CPU.ActiveCfg = Release|Any CPU
		{D78C288D-8563-4419-A140-CB25FC8AF24C}.Release|Any CPU.Build.0 = Release|Any CPU
		{5666708B-B8CA-430B-83DE-CF6B94B24157}.Debug|Any CPU.ActiveCfg = Debug|Any CPU
		{5666708B-B8CA-430B-83DE-CF6B94B24157}.Debug|Any CPU.Build.0 = Debug|Any CPU
		{5666708B-B8CA-430B-83DE-CF6B94B24157}.Release|Any CPU.ActiveCfg = Release|Any CPU
		{5666708B-B8CA-430B-83DE-CF6B94B24157}.Release|Any CPU.Build.0 = Release|Any CPU
		{437A0729-69D0-401D-BFD5-13E3AE111387}.Debug|Any CPU.ActiveCfg = Debug|Any CPU
		{437A0729-69D0-401D-BFD5-13E3AE111387}.Debug|Any CPU.Build.0 = Debug|Any CPU
		{437A0729-69D0-401D-BFD5-13E3AE111387}.Release|Any CPU.ActiveCfg = Release|Any CPU
		{437A0729-69D0-401D-BFD5-13E3AE111387}.Release|Any CPU.Build.0 = Release|Any CPU
	EndGlobalSection
	GlobalSection(SolutionProperties) = preSolution
		HideSolutionNode = FALSE
	EndGlobalSection
	GlobalSection(ExtensibilityGlobals) = postSolution
		SolutionGuid = {82D647E2-B42B-4080-A9E5-52415AA1E696}
	EndGlobalSection
EndGlobal
